// !$*UTF8*$!
{
	archiveVersion = 1;
	classes = {
	};
	objectVersion = 56;
	objects = {

/* Begin PBXBuildFile section */
		C0DF268A2ADFF9A200C28A0C /* AppDelegate.swift in Sources */ = {isa = PBXBuildFile; fileRef = C0DF26892ADFF9A200C28A0C /* AppDelegate.swift */; };
		C0DF268C2ADFF9A200C28A0C /* SceneDelegate.swift in Sources */ = {isa = PBXBuildFile; fileRef = C0DF268B2ADFF9A200C28A0C /* SceneDelegate.swift */; };
		C0DF268E2ADFF9A200C28A0C /* ViewController.swift in Sources */ = {isa = PBXBuildFile; fileRef = C0DF268D2ADFF9A200C28A0C /* ViewController.swift */; };
		C0DF26912ADFF9A200C28A0C /* Main.storyboard in Resources */ = {isa = PBXBuildFile; fileRef = C0DF268F2ADFF9A200C28A0C /* Main.storyboard */; };
		C0DF26932ADFF9A400C28A0C /* Assets.xcassets in Resources */ = {isa = PBXBuildFile; fileRef = C0DF26922ADFF9A400C28A0C /* Assets.xcassets */; };
		C0DF26962ADFF9A400C28A0C /* LaunchScreen.storyboard in Resources */ = {isa = PBXBuildFile; fileRef = C0DF26942ADFF9A400C28A0C /* LaunchScreen.storyboard */; };
		C0DF269E2AE0008800C28A0C /* SnapshotView.swift in Sources */ = {isa = PBXBuildFile; fileRef = C0DF269D2AE0008700C28A0C /* SnapshotView.swift */; };
		C0DF26A12AE0059C00C28A0C /* UIView+Extension.swift in Sources */ = {isa = PBXBuildFile; fileRef = C0DF26A02AE0059C00C28A0C /* UIView+Extension.swift */; };
		C0DF26A32AE00BD800C28A0C /* DarkView.swift in Sources */ = {isa = PBXBuildFile; fileRef = C0DF26A22AE00BD700C28A0C /* DarkView.swift */; };
		C0DF26A52AE0112200C28A0C /* TooltipManager.swift in Sources */ = {isa = PBXBuildFile; fileRef = C0DF26A42AE0112200C28A0C /* TooltipManager.swift */; };
		C0DF26A72AE0118F00C28A0C /* TooltipDirection.swift in Sources */ = {isa = PBXBuildFile; fileRef = C0DF26A62AE0118F00C28A0C /* TooltipDirection.swift */; };
		C0DF26A92AE0148A00C28A0C /* TooltipView.xib in Resources */ = {isa = PBXBuildFile; fileRef = C0DF26A82AE0148A00C28A0C /* TooltipView.xib */; };
		C0DF26AB2AE014A100C28A0C /* TooltipView.swift in Sources */ = {isa = PBXBuildFile; fileRef = C0DF26AA2AE014A100C28A0C /* TooltipView.swift */; };
		C0DF26AD2AE0189300C28A0C /* TriangleView.swift in Sources */ = {isa = PBXBuildFile; fileRef = C0DF26AC2AE0189300C28A0C /* TriangleView.swift */; };
		C0DF26AF2AE018FC00C28A0C /* ViewControllerTooltip.swift in Sources */ = {isa = PBXBuildFile; fileRef = C0DF26AE2AE018FC00C28A0C /* ViewControllerTooltip.swift */; };
/* End PBXBuildFile section */

/* Begin PBXFileReference section */
		C0DF26862ADFF9A200C28A0C /* CustomToolTipView.app */ = {isa = PBXFileReference; explicitFileType = wrapper.application; includeInIndex = 0; path = CustomToolTipView.app; sourceTree = BUILT_PRODUCTS_DIR; };
		C0DF26892ADFF9A200C28A0C /* AppDelegate.swift */ = {isa = PBXFileReference; lastKnownFileType = sourcecode.swift; path = AppDelegate.swift; sourceTree = "<group>"; };
		C0DF268B2ADFF9A200C28A0C /* SceneDelegate.swift */ = {isa = PBXFileReference; lastKnownFileType = sourcecode.swift; path = SceneDelegate.swift; sourceTree = "<group>"; };
		C0DF268D2ADFF9A200C28A0C /* ViewController.swift */ = {isa = PBXFileReference; lastKnownFileType = sourcecode.swift; path = ViewController.swift; sourceTree = "<group>"; };
		C0DF26902ADFF9A200C28A0C /* Base */ = {isa = PBXFileReference; lastKnownFileType = file.storyboard; name = Base; path = Base.lproj/Main.storyboard; sourceTree = "<group>"; };
		C0DF26922ADFF9A400C28A0C /* Assets.xcassets */ = {isa = PBXFileReference; lastKnownFileType = folder.assetcatalog; path = Assets.xcassets; sourceTree = "<group>"; };
		C0DF26952ADFF9A400C28A0C /* Base */ = {isa = PBXFileReference; lastKnownFileType = file.storyboard; name = Base; path = Base.lproj/LaunchScreen.storyboard; sourceTree = "<group>"; };
		C0DF26972ADFF9A400C28A0C /* Info.plist */ = {isa = PBXFileReference; lastKnownFileType = text.plist.xml; path = Info.plist; sourceTree = "<group>"; };
		C0DF269D2AE0008700C28A0C /* SnapshotView.swift */ = {isa = PBXFileReference; lastKnownFileType = sourcecode.swift; path = SnapshotView.swift; sourceTree = "<group>"; };
		C0DF26A02AE0059C00C28A0C /* UIView+Extension.swift */ = {isa = PBXFileReference; lastKnownFileType = sourcecode.swift; path = "UIView+Extension.swift"; sourceTree = "<group>"; };
		C0DF26A22AE00BD700C28A0C /* DarkView.swift */ = {isa = PBXFileReference; lastKnownFileType = sourcecode.swift; path = DarkView.swift; sourceTree = "<group>"; };
		C0DF26A42AE0112200C28A0C /* TooltipManager.swift */ = {isa = PBXFileReference; lastKnownFileType = sourcecode.swift; path = TooltipManager.swift; sourceTree = "<group>"; };
		C0DF26A62AE0118F00C28A0C /* TooltipDirection.swift */ = {isa = PBXFileReference; lastKnownFileType = sourcecode.swift; path = TooltipDirection.swift; sourceTree = "<group>"; };
		C0DF26A82AE0148A00C28A0C /* TooltipView.xib */ = {isa = PBXFileReference; lastKnownFileType = file.xib; path = TooltipView.xib; sourceTree = "<group>"; };
		C0DF26AA2AE014A100C28A0C /* TooltipView.swift */ = {isa = PBXFileReference; lastKnownFileType = sourcecode.swift; path = TooltipView.swift; sourceTree = "<group>"; };
		C0DF26AC2AE0189300C28A0C /* TriangleView.swift */ = {isa = PBXFileReference; lastKnownFileType = sourcecode.swift; path = TriangleView.swift; sourceTree = "<group>"; };
		C0DF26AE2AE018FC00C28A0C /* ViewControllerTooltip.swift */ = {isa = PBXFileReference; lastKnownFileType = sourcecode.swift; path = ViewControllerTooltip.swift; sourceTree = "<group>"; };
/* End PBXFileReference section */

/* Begin PBXFrameworksBuildPhase section */
		C0DF26832ADFF9A200C28A0C /* Frameworks */ = {
			isa = PBXFrameworksBuildPhase;
			buildActionMask = 2147483647;
			files = (
			);
			runOnlyForDeploymentPostprocessing = 0;
		};
/* End PBXFrameworksBuildPhase section */

/* Begin PBXGroup section */
		C0DF267D2ADFF9A200C28A0C = {
			isa = PBXGroup;
			children = (
				C0DF26882ADFF9A200C28A0C /* CustomToolTipView */,
				C0DF26872ADFF9A200C28A0C /* Products */,
			);
			sourceTree = "<group>";
		};
		C0DF26872ADFF9A200C28A0C /* Products */ = {
			isa = PBXGroup;
			children = (
				C0DF26862ADFF9A200C28A0C /* CustomToolTipView.app */,
			);
			name = Products;
			sourceTree = "<group>";
		};
		C0DF26882ADFF9A200C28A0C /* CustomToolTipView */ = {
			isa = PBXGroup;
			children = (
				C0DF269F2AE0057A00C28A0C /* Tooltip */,
				C0DF26892ADFF9A200C28A0C /* AppDelegate.swift */,
				C0DF268B2ADFF9A200C28A0C /* SceneDelegate.swift */,
				C0DF268D2ADFF9A200C28A0C /* ViewController.swift */,
				C0DF268F2ADFF9A200C28A0C /* Main.storyboard */,
				C0DF26922ADFF9A400C28A0C /* Assets.xcassets */,
				C0DF26942ADFF9A400C28A0C /* LaunchScreen.storyboard */,
				C0DF26972ADFF9A400C28A0C /* Info.plist */,
				C0DF26AE2AE018FC00C28A0C /* ViewControllerTooltip.swift */,
			);
			path = CustomToolTipView;
			sourceTree = "<group>";
		};
		C0DF269F2AE0057A00C28A0C /* Tooltip */ = {
			isa = PBXGroup;
			children = (
				C0DF26A82AE0148A00C28A0C /* TooltipView.xib */,
				C0DF26AA2AE014A100C28A0C /* TooltipView.swift */,
				C0DF26A42AE0112200C28A0C /* TooltipManager.swift */,
				C0DF26A62AE0118F00C28A0C /* TooltipDirection.swift */,
				C0DF269D2AE0008700C28A0C /* SnapshotView.swift */,
				C0DF26A02AE0059C00C28A0C /* UIView+Extension.swift */,
				C0DF26A22AE00BD700C28A0C /* DarkView.swift */,
				C0DF26AC2AE0189300C28A0C /* TriangleView.swift */,
			);
			path = Tooltip;
			sourceTree = "<group>";
		};
/* End PBXGroup section */

/* Begin PBXNativeTarget section */
		C0DF26852ADFF9A200C28A0C /* CustomToolTipView */ = {
			isa = PBXNativeTarget;
			buildConfigurationList = C0DF269A2ADFF9A400C28A0C /* Build configuration list for PBXNativeTarget "CustomToolTipView" */;
			buildPhases = (
				C0DF26822ADFF9A200C28A0C /* Sources */,
				C0DF26832ADFF9A200C28A0C /* Frameworks */,
				C0DF26842ADFF9A200C28A0C /* Resources */,
			);
			buildRules = (
			);
			dependencies = (
			);
			name = CustomToolTipView;
			productName = CustomToolTipView;
			productReference = C0DF26862ADFF9A200C28A0C /* CustomToolTipView.app */;
			productType = "com.apple.product-type.application";
		};
/* End PBXNativeTarget section */

/* Begin PBXProject section */
		C0DF267E2ADFF9A200C28A0C /* Project object */ = {
			isa = PBXProject;
			attributes = {
				BuildIndependentTargetsInParallel = 1;
				LastSwiftUpdateCheck = 1420;
				LastUpgradeCheck = 1420;
				TargetAttributes = {
					C0DF26852ADFF9A200C28A0C = {
						CreatedOnToolsVersion = 14.2;
					};
				};
			};
			buildConfigurationList = C0DF26812ADFF9A200C28A0C /* Build configuration list for PBXProject "CustomToolTipView" */;
			compatibilityVersion = "Xcode 14.0";
			developmentRegion = en;
			hasScannedForEncodings = 0;
			knownRegions = (
				en,
				Base,
			);
			mainGroup = C0DF267D2ADFF9A200C28A0C;
			productRefGroup = C0DF26872ADFF9A200C28A0C /* Products */;
			projectDirPath = "";
			projectRoot = "";
			targets = (
				C0DF26852ADFF9A200C28A0C /* CustomToolTipView */,
			);
		};
/* End PBXProject section */

/* Begin PBXResourcesBuildPhase section */
		C0DF26842ADFF9A200C28A0C /* Resources */ = {
			isa = PBXResourcesBuildPhase;
			buildActionMask = 2147483647;
			files = (
				C0DF26962ADFF9A400C28A0C /* LaunchScreen.storyboard in Resources */,
				C0DF26932ADFF9A400C28A0C /* Assets.xcassets in Resources */,
				C0DF26A92AE0148A00C28A0C /* TooltipView.xib in Resources */,
				C0DF26912ADFF9A200C28A0C /* Main.storyboard in Resources */,
			);
			runOnlyForDeploymentPostprocessing = 0;
		};
/* End PBXResourcesBuildPhase section */

/* Begin PBXSourcesBuildPhase section */
		C0DF26822ADFF9A200C28A0C /* Sources */ = {
			isa = PBXSourcesBuildPhase;
			buildActionMask = 2147483647;
			files = (
				C0DF26AD2AE0189300C28A0C /* TriangleView.swift in Sources */,
				C0DF268E2ADFF9A200C28A0C /* ViewController.swift in Sources */,
				C0DF268A2ADFF9A200C28A0C /* AppDelegate.swift in Sources */,
				C0DF26A32AE00BD800C28A0C /* DarkView.swift in Sources */,
				C0DF26AF2AE018FC00C28A0C /* ViewControllerTooltip.swift in Sources */,
				C0DF269E2AE0008800C28A0C /* SnapshotView.swift in Sources */,
				C0DF26A12AE0059C00C28A0C /* UIView+Extension.swift in Sources */,
				C0DF26A72AE0118F00C28A0C /* TooltipDirection.swift in Sources */,
				C0DF26A52AE0112200C28A0C /* TooltipManager.swift in Sources */,
				C0DF268C2ADFF9A200C28A0C /* SceneDelegate.swift in Sources */,
				C0DF26AB2AE014A100C28A0C /* TooltipView.swift in Sources */,
			);
			runOnlyForDeploymentPostprocessing = 0;
		};
/* End PBXSourcesBuildPhase section */

/* Begin PBXVariantGroup section */
		C0DF268F2ADFF9A200C28A0C /* Main.storyboard */ = {
			isa = PBXVariantGroup;
			children = (
				C0DF26902ADFF9A200C28A0C /* Base */,
			);
			name = Main.storyboard;
			sourceTree = "<group>";
		};
		C0DF26942ADFF9A400C28A0C /* LaunchScreen.storyboard */ = {
			isa = PBXVariantGroup;
			children = (
				C0DF26952ADFF9A400C28A0C /* Base */,
			);
			name = LaunchScreen.storyboard;
			sourceTree = "<group>";
		};
/* End PBXVariantGroup section */

/* Begin XCBuildConfiguration section */
		C0DF26982ADFF9A400C28A0C /* Debug */ = {
			isa = XCBuildConfiguration;
			buildSettings = {
				ALWAYS_SEARCH_USER_PATHS = NO;
				CLANG_ANALYZER_NONNULL = YES;
				CLANG_ANALYZER_NUMBER_OBJECT_CONVERSION = YES_AGGRESSIVE;
				CLANG_CXX_LANGUAGE_STANDARD = "gnu++20";
				CLANG_ENABLE_MODULES = YES;
				CLANG_ENABLE_OBJC_ARC = YES;
				CLANG_ENABLE_OBJC_WEAK = YES;
				CLANG_WARN_BLOCK_CAPTURE_AUTORELEASING = YES;
				CLANG_WARN_BOOL_CONVERSION = YES;
				CLANG_WARN_COMMA = YES;
				CLANG_WARN_CONSTANT_CONVERSION = YES;
				CLANG_WARN_DEPRECATED_OBJC_IMPLEMENTATIONS = YES;
				CLANG_WARN_DIRECT_OBJC_ISA_USAGE = YES_ERROR;
				CLANG_WARN_DOCUMENTATION_COMMENTS = YES;
				CLANG_WARN_EMPTY_BODY = YES;
				CLANG_WARN_ENUM_CONVERSION = YES;
				CLANG_WARN_INFINITE_RECURSION = YES;
				CLANG_WARN_INT_CONVERSION = YES;
				CLANG_WARN_NON_LITERAL_NULL_CONVERSION = YES;
				CLANG_WARN_OBJC_IMPLICIT_RETAIN_SELF = YES;
				CLANG_WARN_OBJC_LITERAL_CONVERSION = YES;
				CLANG_WARN_OBJC_ROOT_CLASS = YES_ERROR;
				CLANG_WARN_QUOTED_INCLUDE_IN_FRAMEWORK_HEADER = YES;
				CLANG_WARN_RANGE_LOOP_ANALYSIS = YES;
				CLANG_WARN_STRICT_PROTOTYPES = YES;
				CLANG_WARN_SUSPICIOUS_MOVE = YES;
				CLANG_WARN_UNGUARDED_AVAILABILITY = YES_AGGRESSIVE;
				CLANG_WARN_UNREACHABLE_CODE = YES;
				CLANG_WARN__DUPLICATE_METHOD_MATCH = YES;
				COPY_PHASE_STRIP = NO;
				DEBUG_INFORMATION_FORMAT = dwarf;
				ENABLE_STRICT_OBJC_MSGSEND = YES;
				ENABLE_TESTABILITY = YES;
				GCC_C_LANGUAGE_STANDARD = gnu11;
				GCC_DYNAMIC_NO_PIC = NO;
				GCC_NO_COMMON_BLOCKS = YES;
				GCC_OPTIMIZATION_LEVEL = 0;
				GCC_PREPROCESSOR_DEFINITIONS = (
					"DEBUG=1",
					"$(inherited)",
				);
				GCC_WARN_64_TO_32_BIT_CONVERSION = YES;
				GCC_WARN_ABOUT_RETURN_TYPE = YES_ERROR;
				GCC_WARN_UNDECLARED_SELECTOR = YES;
				GCC_WARN_UNINITIALIZED_AUTOS = YES_AGGRESSIVE;
				GCC_WARN_UNUSED_FUNCTION = YES;
				GCC_WARN_UNUSED_VARIABLE = YES;
				IPHONEOS_DEPLOYMENT_TARGET = 16.2;
				MTL_ENABLE_DEBUG_INFO = INCLUDE_SOURCE;
				MTL_FAST_MATH = YES;
				ONLY_ACTIVE_ARCH = YES;
				SDKROOT = iphoneos;
				SWIFT_ACTIVE_COMPILATION_CONDITIONS = DEBUG;
				SWIFT_OPTIMIZATION_LEVEL = "-Onone";
			};
			name = Debug;
		};
		C0DF26992ADFF9A400C28A0C /* Release */ = {
			isa = XCBuildConfiguration;
			buildSettings = {
				ALWAYS_SEARCH_USER_PATHS = NO;
				CLANG_ANALYZER_NONNULL = YES;
				CLANG_ANALYZER_NUMBER_OBJECT_CONVERSION = YES_AGGRESSIVE;
				CLANG_CXX_LANGUAGE_STANDARD = "gnu++20";
				CLANG_ENABLE_MODULES = YES;
				CLANG_ENABLE_OBJC_ARC = YES;
				CLANG_ENABLE_OBJC_WEAK = YES;
				CLANG_WARN_BLOCK_CAPTURE_AUTORELEASING = YES;
				CLANG_WARN_BOOL_CONVERSION = YES;
				CLANG_WARN_COMMA = YES;
				CLANG_WARN_CONSTANT_CONVERSION = YES;
				CLANG_WARN_DEPRECATED_OBJC_IMPLEMENTATIONS = YES;
				CLANG_WARN_DIRECT_OBJC_ISA_USAGE = YES_ERROR;
				CLANG_WARN_DOCUMENTATION_COMMENTS = YES;
				CLANG_WARN_EMPTY_BODY = YES;
				CLANG_WARN_ENUM_CONVERSION = YES;
				CLANG_WARN_INFINITE_RECURSION = YES;
				CLANG_WARN_INT_CONVERSION = YES;
				CLANG_WARN_NON_LITERAL_NULL_CONVERSION = YES;
				CLANG_WARN_OBJC_IMPLICIT_RETAIN_SELF = YES;
				CLANG_WARN_OBJC_LITERAL_CONVERSION = YES;
				CLANG_WARN_OBJC_ROOT_CLASS = YES_ERROR;
				CLANG_WARN_QUOTED_INCLUDE_IN_FRAMEWORK_HEADER = YES;
				CLANG_WARN_RANGE_LOOP_ANALYSIS = YES;
				CLANG_WARN_STRICT_PROTOTYPES = YES;
				CLANG_WARN_SUSPICIOUS_MOVE = YES;
				CLANG_WARN_UNGUARDED_AVAILABILITY = YES_AGGRESSIVE;
				CLANG_WARN_UNREACHABLE_CODE = YES;
				CLANG_WARN__DUPLICATE_METHOD_MATCH = YES;
				COPY_PHASE_STRIP = NO;
				DEBUG_INFORMATION_FORMAT = "dwarf-with-dsym";
				ENABLE_NS_ASSERTIONS = NO;
				ENABLE_STRICT_OBJC_MSGSEND = YES;
				GCC_C_LANGUAGE_STANDARD = gnu11;
				GCC_NO_COMMON_BLOCKS = YES;
				GCC_WARN_64_TO_32_BIT_CONVERSION = YES;
				GCC_WARN_ABOUT_RETURN_TYPE = YES_ERROR;
				GCC_WARN_UNDECLARED_SELECTOR = YES;
				GCC_WARN_UNINITIALIZED_AUTOS = YES_AGGRESSIVE;
				GCC_WARN_UNUSED_FUNCTION = YES;
				GCC_WARN_UNUSED_VARIABLE = YES;
				IPHONEOS_DEPLOYMENT_TARGET = 16.2;
				MTL_ENABLE_DEBUG_INFO = NO;
				MTL_FAST_MATH = YES;
				SDKROOT = iphoneos;
				SWIFT_COMPILATION_MODE = wholemodule;
				SWIFT_OPTIMIZATION_LEVEL = "-O";
				VALIDATE_PRODUCT = YES;
			};
			name = Release;
		};
		C0DF269B2ADFF9A400C28A0C /* Debug */ = {
			isa = XCBuildConfiguration;
			buildSettings = {
				ASSETCATALOG_COMPILER_APPICON_NAME = AppIcon;
				ASSETCATALOG_COMPILER_GLOBAL_ACCENT_COLOR_NAME = AccentColor;
				CODE_SIGN_STYLE = Automatic;
				CURRENT_PROJECT_VERSION = 1;
				DEVELOPMENT_TEAM = 9T6VTX7NFQ;
				GENERATE_INFOPLIST_FILE = YES;
				INFOPLIST_FILE = CustomToolTipView/Info.plist;
				INFOPLIST_KEY_UIApplicationSupportsIndirectInputEvents = YES;
				INFOPLIST_KEY_UILaunchStoryboardName = LaunchScreen;
				INFOPLIST_KEY_UIMainStoryboardFile = Main;
				INFOPLIST_KEY_UISupportedInterfaceOrientations_iPad = "UIInterfaceOrientationPortrait UIInterfaceOrientationPortraitUpsideDown UIInterfaceOrientationLandscapeLeft UIInterfaceOrientationLandscapeRight";
				INFOPLIST_KEY_UISupportedInterfaceOrientations_iPhone = "UIInterfaceOrientationPortrait UIInterfaceOrientationLandscapeLeft UIInterfaceOrientationLandscapeRight";
				LD_RUNPATH_SEARCH_PATHS = (
					"$(inherited)",
					"@executable_path/Frameworks",
				);
				MARKETING_VERSION = 1.0;
				PRODUCT_BUNDLE_IDENTIFIER = com.zeusEX.com.CustomToolTipView;
				PRODUCT_NAME = "$(TARGET_NAME)";
				SWIFT_EMIT_LOC_STRINGS = YES;
				SWIFT_VERSION = 5.0;
				TARGETED_DEVICE_FAMILY = "1,2";
			};
			name = Debug;
		};
		C0DF269C2ADFF9A400C28A0C /* Release */ = {
			isa = XCBuildConfiguration;
			buildSettings = {
				ASSETCATALOG_COMPILER_APPICON_NAME = AppIcon;
				ASSETCATALOG_COMPILER_GLOBAL_ACCENT_COLOR_NAME = AccentColor;
				CODE_SIGN_STYLE = Automatic;
				CURRENT_PROJECT_VERSION = 1;
				DEVELOPMENT_TEAM = 9T6VTX7NFQ;
				GENERATE_INFOPLIST_FILE = YES;
				INFOPLIST_FILE = CustomToolTipView/Info.plist;
				INFOPLIST_KEY_UIApplicationSupportsIndirectInputEvents = YES;
				INFOPLIST_KEY_UILaunchStoryboardName = LaunchScreen;
				INFOPLIST_KEY_UIMainStoryboardFile = Main;
				INFOPLIST_KEY_UISupportedInterfaceOrientations_iPad = "UIInterfaceOrientationPortrait UIInterfaceOrientationPortraitUpsideDown UIInterfaceOrientationLandscapeLeft UIInterfaceOrientationLandscapeRight";
				INFOPLIST_KEY_UISupportedInterfaceOrientations_iPhone = "UIInterfaceOrientationPortrait UIInterfaceOrientationLandscapeLeft UIInterfaceOrientationLandscapeRight";
				LD_RUNPATH_SEARCH_PATHS = (
					"$(inherited)",
					"@executable_path/Frameworks",
				);
				MARKETING_VERSION = 1.0;
				PRODUCT_BUNDLE_IDENTIFIER = com.zeusEX.com.CustomToolTipView;
				PRODUCT_NAME = "$(TARGET_NAME)";
				SWIFT_EMIT_LOC_STRINGS = YES;
				SWIFT_VERSION = 5.0;
				TARGETED_DEVICE_FAMILY = "1,2";
			};
			name = Release;
		};
/* End XCBuildConfiguration section */

/* Begin XCConfigurationList section */
		C0DF26812ADFF9A200C28A0C /* Build configuration list for PBXProject "CustomToolTipView" */ = {
			isa = XCConfigurationList;
			buildConfigurations = (
				C0DF26982ADFF9A400C28A0C /* Debug */,
				C0DF26992ADFF9A400C28A0C /* Release */,
			);
			defaultConfigurationIsVisible = 0;
			defaultConfigurationName = Release;
		};
		C0DF269A2ADFF9A400C28A0C /* Build configuration list for PBXNativeTarget "CustomToolTipView" */ = {
			isa = XCConfigurationList;
			buildConfigurations = (
				C0DF269B2ADFF9A400C28A0C /* Debug */,
				C0DF269C2ADFF9A400C28A0C /* Release */,
			);
			defaultConfigurationIsVisible = 0;
			defaultConfigurationName = Release;
		};
/* End XCConfigurationList section */
	};
	rootObject = C0DF267E2ADFF9A200C28A0C /* Project object */;
}
